
Microsoft Visual Studio Solution File, Format Version 12.00
# Visual Studio Version 17
VisualStudioVersion = 17.0.32112.339
MinimumVisualStudioVersion = 10.0.40219.1
Project("{FAE04EC0-301F-11D3-BF4B-00C04F79EFBC}") = "Collection1", "Collection1\Collection1.csproj", "{8D90FBC1-FFE2-4104-B8A8-A027482AF684}"
EndProject
Global
	GlobalSection(SolutionConfigurationPlatforms) = preSolution
		Debug|Any CPU = Debug|Any CPU
		Release|Any CPU = Release|Any CPU
	EndGlobalSection
	GlobalSection(ProjectConfigurationPlatforms) = postSolution
		{8D90FBC1-FFE2-4104-B8A8-A027482AF684}.Debug|Any CPU.ActiveCfg = Debug|Any CPU
		{8D90FBC1-FFE2-4104-B8A8-A027482AF684}.Debug|Any CPU.Build.0 = Debug|Any CPU
		{8D90FBC1-FFE2-4104-B8A8-A027482AF684}.Release|Any CPU.ActiveCfg = Release|Any CPU
		{8D90FBC1-FFE2-4104-B8A8-A027482AF684}.Release|Any CPU.Build.0 = Release|Any CPU
	EndGlobalSection
	GlobalSection(SolutionProperties) = preSolution
		HideSolutionNode = FALSE
	EndGlobalSection
	GlobalSection(ExtensibilityGlobals) = postSolution
		SolutionGuid = {7C34CDF8-C036-406F-861D-082751B327CF}
	EndGlobalSection
EndGlobal
