
Microsoft Visual Studio Solution File, Format Version 12.00
# Visual Studio Version 17
VisualStudioVersion = 17.0.32112.339
MinimumVisualStudioVersion = 10.0.40219.1
Project("{9A19103F-16F7-4668-BE54-9A1E7A4F7556}") = "Calculator", "Calculator\Calculator.csproj", "{BDEAA3CF-A631-46F0-AF43-2BD05A557BB9}"
EndProject
Global
	GlobalSection(SolutionConfigurationPlatforms) = preSolution
		Debug|Any CPU = Debug|Any CPU
		Release|Any CPU = Release|Any CPU
	EndGlobalSection
	GlobalSection(ProjectConfigurationPlatforms) = postSolution
		{BDEAA3CF-A631-46F0-AF43-2BD05A557BB9}.Debug|Any CPU.ActiveCfg = Debug|Any CPU
		{BDEAA3CF-A631-46F0-AF43-2BD05A557BB9}.Debug|Any CPU.Build.0 = Debug|Any CPU
		{BDEAA3CF-A631-46F0-AF43-2BD05A557BB9}.Release|Any CPU.ActiveCfg = Release|Any CPU
		{BDEAA3CF-A631-46F0-AF43-2BD05A557BB9}.Release|Any CPU.Build.0 = Release|Any CPU
	EndGlobalSection
	GlobalSection(SolutionProperties) = preSolution
		HideSolutionNode = FALSE
	EndGlobalSection
	GlobalSection(ExtensibilityGlobals) = postSolution
		SolutionGuid = {92C7ED7F-FBC3-47A6-8C76-7E5474529951}
	EndGlobalSection
EndGlobal
